
Microsoft Visual Studio Solution File, Format Version 12.00
# Visual Studio Version 16
VisualStudioVersion = 16.0.32901.82
MinimumVisualStudioVersion = 10.0.40219.1
Project("{FAE04EC0-301F-11D3-BF4B-00C04F79EFBC}") = "labwork-14 ex2", "labwork-14 ex2\labwork-14 ex2.csproj", "{A919E5B6-7136-4365-B255-67CC4F651BA8}"
EndProject
Global
	GlobalSection(SolutionConfigurationPlatforms) = preSolution
		Debug|Any CPU = Debug|Any CPU
		Release|Any CPU = Release|Any CPU
	EndGlobalSection
	GlobalSection(ProjectConfigurationPlatforms) = postSolution
		{A919E5B6-7136-4365-B255-67CC4F651BA8}.Debug|Any CPU.ActiveCfg = Debug|Any CPU
		{A919E5B6-7136-4365-B255-67CC4F651BA8}.Debug|Any CPU.Build.0 = Debug|Any CPU
		{A919E5B6-7136-4365-B255-67CC4F651BA8}.Release|Any CPU.ActiveCfg = Release|Any CPU
		{A919E5B6-7136-4365-B255-67CC4F651BA8}.Release|Any CPU.Build.0 = Release|Any CPU
	EndGlobalSection
	GlobalSection(SolutionProperties) = preSolution
		HideSolutionNode = FALSE
	EndGlobalSection
	GlobalSection(ExtensibilityGlobals) = postSolution
		SolutionGuid = {F98C4333-CFC5-41F0-8703-251596A6CA95}
	EndGlobalSection
EndGlobal
